schema: '2.0'
stages:
  preprocess:
    cmd: python src/data/preprocess.py --input ./data/external/dataset.csv
    deps:
    - path: data/external/dataset.csv
      md5: fa9191cea007ed50aeb0f4ebfe0f4295
      size: 51161
    - path: src/data/preprocess.py
      md5: 0e173b5ab6356245a4daece564e1e7fc
      size: 2254
    outs:
    - path: data/preprocessed
      md5: 0755d127bb690acd6af80658562f62ca.dir
      size: 60405
      nfiles: 1
