schema: '2.0'
stages:
  preprocess:
    cmd: python src/data/preprocess.py --input ./data/external/dataset.csv
    deps:
    - path: data/external/dataset.csv
      md5: fa9191cea007ed50aeb0f4ebfe0f4295
      size: 51161
    - path: src/data/preprocess.py
      md5: 0e173b5ab6356245a4daece564e1e7fc
      size: 2254
    outs:
    - path: data/preprocessed
      md5: 0755d127bb690acd6af80658562f62ca.dir
      size: 60405
      nfiles: 1
  featurization:
    cmd: python src/features/featurize.py --input ./data/preprocessed/preprocessed_dataset.csv
    deps:
    - path: data/preprocessed/preprocessed_dataset.csv
      md5: dfa9fd13e7c40d5e5922f6c34d19cb02
      size: 60405
    - path: src/features/featurize.py
      md5: d30d0827da30fc91685558d9fadf24f2
      size: 3402
    params:
      params.yaml:
        featurization.truncatedSVD_number_of_components: 50
    outs:
    - path: data/featurized
      md5: ffa3b0fb014e6de12d7519ce72abef6b.dir
      size: 139634
      nfiles: 1
  split:
    cmd: python src/splits/split_train_test.py --features ./data/featurized/featurized_dataset.npz
    deps:
    - path: data/featurized/featurized_dataset.npz
      md5: 1c1a2acc6cc18db166653cbe0391d51e
      size: 139634
    - path: src/splits/split_train_test.py
      md5: 5fafc96704e0ceee789664e534f3c39d
      size: 1902
    params:
      params.yaml:
        split.train_percentage: 0.75
    outs:
    - path: data/processed
      md5: 63131c7f17c79cdd13e4cc4d651c2d41.dir
      size: 183261
      nfiles: 2
  training:
    cmd: python src/models/train_model.py --train_data ./data/processed/train_dataset.npz
    deps:
    - path: data/processed/train_dataset.npz
      md5: 94550fd68f5e7ac1c414c58be2f5fdeb
      size: 133005
    - path: src/models/train_model.py
      md5: 641cba32b34185197247ce432feb617f
      size: 1663
    outs:
    - path: models
      md5: da54129d4057480591b66e1be47d73ba.dir
      size: 1470
      nfiles: 1
  evaluation:
    cmd: python src/evaluation/evaluate.py --test_data data/processed/test_dataset.npz
      --model models/linear_regression.joblib
    deps:
    - path: data/processed/test_dataset.npz
      md5: 81ade3d44311190a465a338878c4f01f
      size: 50256
    - path: models/linear_regression.joblib
      md5: 93683594c3f87c2dba86ed91b61869cc
      size: 1470
    - path: src/evaluation/evaluate.py
      md5: 5af7dfa5a14207019df533e727a13a7c
      size: 2926
    outs:
    - path: reports/predictions.json
      md5: 88634a9ca15cd430c2341a4b28ed2f07
      size: 11100
    - path: reports/scores.json
      md5: 5ce140984a87ba511b737a5be376e46e
      size: 62
